
Microsoft Visual Studio Solution File, Format Version 11.00
# Visual Studio 2010
Project("{FAE04EC0-301F-11D3-BF4B-00C04F79EFBC}") = "CircleRectTest", "CircleRectTest\CircleRectTest.csproj", "{B5C4846A-CEE6-486B-B93F-2FB5BBE11FDE}"
EndProject
Project("{FAE04EC0-301F-11D3-BF4B-00C04F79EFBC}") = "CircleCircleTest", "CircleCircleTest\CircleCircleTest.csproj", "{B5C4846A-CEE6-486B-B93F-2FB5BBE11FDE}"
EndProject
Project("{FAE04EC0-301F-11D3-BF4B-00C04F79EFBC}") = "BasicPrimitiveBuddy.Windows", "externals\BasicPrimitiveBuddy\Windows\BasicPrimitiveBuddy.Windows.csproj", "{0FAA1286-7BFA-4765-8B51-62E438CB121D}"
EndProject
Project("{FAE04EC0-301F-11D3-BF4B-00C04F79EFBC}") = "CollisionBuddy.Windows", "externals\CollisionBuddy\Windows\CollisionBuddy.Windows.csproj", "{E032CF52-88BC-4D76-8E93-3798F5EE5CD2}"
EndProject
Project("{FAE04EC0-301F-11D3-BF4B-00C04F79EFBC}") = "GameTimer.Windows", "externals\GameTimer\Windows\GameTimer.Windows.csproj", "{6B6D4188-5C03-4E16-923B-96FDBC85B91A}"
EndProject
Project("{FAE04EC0-301F-11D3-BF4B-00C04F79EFBC}") = "HadoukInput.Windows", "externals\HadoukInput\Windows\HadoukInput.Windows.csproj", "{85D723F7-83EF-4C75-82BA-9385D0AC8448}"
EndProject
Global
	GlobalSection(SolutionConfigurationPlatforms) = preSolution
		Debug|Any CPU = Debug|Any CPU
		Debug|Mixed Platforms = Debug|Mixed Platforms
		Debug|x86 = Debug|x86
		Release|Any CPU = Release|Any CPU
		Release|Mixed Platforms = Release|Mixed Platforms
		Release|x86 = Release|x86
	EndGlobalSection
	GlobalSection(ProjectConfigurationPlatforms) = postSolution
		{0FAA1286-7BFA-4765-8B51-62E438CB121D}.Debug|Any CPU.ActiveCfg = Debug|x86
		{0FAA1286-7BFA-4765-8B51-62E438CB121D}.Debug|Any CPU.Build.0 = Debug|x86
		{0FAA1286-7BFA-4765-8B51-62E438CB121D}.Debug|Mixed Platforms.ActiveCfg = Debug|x86
		{0FAA1286-7BFA-4765-8B51-62E438CB121D}.Debug|Mixed Platforms.Build.0 = Debug|x86
		{0FAA1286-7BFA-4765-8B51-62E438CB121D}.Debug|x86.ActiveCfg = Debug|x86
		{0FAA1286-7BFA-4765-8B51-62E438CB121D}.Debug|x86.Build.0 = Debug|x86
		{0FAA1286-7BFA-4765-8B51-62E438CB121D}.Release|Any CPU.ActiveCfg = Debug|x86
		{0FAA1286-7BFA-4765-8B51-62E438CB121D}.Release|Any CPU.Build.0 = Debug|x86
		{0FAA1286-7BFA-4765-8B51-62E438CB121D}.Release|Mixed Platforms.ActiveCfg = Debug|x86
		{0FAA1286-7BFA-4765-8B51-62E438CB121D}.Release|Mixed Platforms.Build.0 = Debug|x86
		{0FAA1286-7BFA-4765-8B51-62E438CB121D}.Release|x86.ActiveCfg = Release|x86
		{0FAA1286-7BFA-4765-8B51-62E438CB121D}.Release|x86.Build.0 = Release|x86
		{6B6D4188-5C03-4E16-923B-96FDBC85B91A}.Debug|Any CPU.ActiveCfg = Debug|x86
		{6B6D4188-5C03-4E16-923B-96FDBC85B91A}.Debug|Any CPU.Build.0 = Debug|x86
		{6B6D4188-5C03-4E16-923B-96FDBC85B91A}.Debug|Mixed Platforms.ActiveCfg = Debug|x86
		{6B6D4188-5C03-4E16-923B-96FDBC85B91A}.Debug|Mixed Platforms.Build.0 = Debug|x86
		{6B6D4188-5C03-4E16-923B-96FDBC85B91A}.Debug|x86.ActiveCfg = Debug|x86
		{6B6D4188-5C03-4E16-923B-96FDBC85B91A}.Debug|x86.Build.0 = Debug|x86
		{6B6D4188-5C03-4E16-923B-96FDBC85B91A}.Release|Any CPU.ActiveCfg = Debug|x86
		{6B6D4188-5C03-4E16-923B-96FDBC85B91A}.Release|Any CPU.Build.0 = Debug|x86
		{6B6D4188-5C03-4E16-923B-96FDBC85B91A}.Release|Mixed Platforms.ActiveCfg = Debug|x86
		{6B6D4188-5C03-4E16-923B-96FDBC85B91A}.Release|Mixed Platforms.Build.0 = Debug|x86
		{6B6D4188-5C03-4E16-923B-96FDBC85B91A}.Release|x86.ActiveCfg = Release|x86
		{6B6D4188-5C03-4E16-923B-96FDBC85B91A}.Release|x86.Build.0 = Release|x86
		{85D723F7-83EF-4C75-82BA-9385D0AC8448}.Debug|Any CPU.ActiveCfg = Debug|x86
		{85D723F7-83EF-4C75-82BA-9385D0AC8448}.Debug|Any CPU.Build.0 = Debug|x86
		{85D723F7-83EF-4C75-82BA-9385D0AC8448}.Debug|Mixed Platforms.ActiveCfg = Debug|x86
		{85D723F7-83EF-4C75-82BA-9385D0AC8448}.Debug|Mixed Platforms.Build.0 = Debug|x86
		{85D723F7-83EF-4C75-82BA-9385D0AC8448}.Debug|x86.ActiveCfg = Debug|x86
		{85D723F7-83EF-4C75-82BA-9385D0AC8448}.Debug|x86.Build.0 = Debug|x86
		{85D723F7-83EF-4C75-82BA-9385D0AC8448}.Release|Any CPU.ActiveCfg = Debug|x86
		{85D723F7-83EF-4C75-82BA-9385D0AC8448}.Release|Any CPU.Build.0 = Debug|x86
		{85D723F7-83EF-4C75-82BA-9385D0AC8448}.Release|Mixed Platforms.ActiveCfg = Debug|x86
		{85D723F7-83EF-4C75-82BA-9385D0AC8448}.Release|Mixed Platforms.Build.0 = Debug|x86
		{85D723F7-83EF-4C75-82BA-9385D0AC8448}.Release|x86.ActiveCfg = Release|x86
		{85D723F7-83EF-4C75-82BA-9385D0AC8448}.Release|x86.Build.0 = Release|x86
		{B5C4846A-CEE6-486B-B93F-2FB5BBE11FDE}.Debug|Any CPU.ActiveCfg = Debug|x86
		{B5C4846A-CEE6-486B-B93F-2FB5BBE11FDE}.Debug|Any CPU.ActiveCfg = Debug|x86
		{B5C4846A-CEE6-486B-B93F-2FB5BBE11FDE}.Debug|Any CPU.Build.0 = Debug|x86
		{B5C4846A-CEE6-486B-B93F-2FB5BBE11FDE}.Debug|Any CPU.Build.0 = Debug|x86
		{B5C4846A-CEE6-486B-B93F-2FB5BBE11FDE}.Debug|Mixed Platforms.ActiveCfg = Debug|x86
		{B5C4846A-CEE6-486B-B93F-2FB5BBE11FDE}.Debug|Mixed Platforms.ActiveCfg = Debug|x86
		{B5C4846A-CEE6-486B-B93F-2FB5BBE11FDE}.Debug|Mixed Platforms.Build.0 = Debug|x86
		{B5C4846A-CEE6-486B-B93F-2FB5BBE11FDE}.Debug|Mixed Platforms.Build.0 = Debug|x86
		{B5C4846A-CEE6-486B-B93F-2FB5BBE11FDE}.Debug|x86.ActiveCfg = Debug|x86
		{B5C4846A-CEE6-486B-B93F-2FB5BBE11FDE}.Debug|x86.ActiveCfg = Debug|x86
		{B5C4846A-CEE6-486B-B93F-2FB5BBE11FDE}.Debug|x86.Build.0 = Debug|x86
		{B5C4846A-CEE6-486B-B93F-2FB5BBE11FDE}.Debug|x86.Build.0 = Debug|x86
		{B5C4846A-CEE6-486B-B93F-2FB5BBE11FDE}.Release|Any CPU.ActiveCfg = Debug|x86
		{B5C4846A-CEE6-486B-B93F-2FB5BBE11FDE}.Release|Any CPU.ActiveCfg = Debug|x86
		{B5C4846A-CEE6-486B-B93F-2FB5BBE11FDE}.Release|Any CPU.Build.0 = Debug|x86
		{B5C4846A-CEE6-486B-B93F-2FB5BBE11FDE}.Release|Any CPU.Build.0 = Debug|x86
		{B5C4846A-CEE6-486B-B93F-2FB5BBE11FDE}.Release|Mixed Platforms.ActiveCfg = Debug|x86
		{B5C4846A-CEE6-486B-B93F-2FB5BBE11FDE}.Release|Mixed Platforms.ActiveCfg = Debug|x86
		{B5C4846A-CEE6-486B-B93F-2FB5BBE11FDE}.Release|Mixed Platforms.Build.0 = Debug|x86
		{B5C4846A-CEE6-486B-B93F-2FB5BBE11FDE}.Release|Mixed Platforms.Build.0 = Debug|x86
		{B5C4846A-CEE6-486B-B93F-2FB5BBE11FDE}.Release|x86.ActiveCfg = Release|x86
		{B5C4846A-CEE6-486B-B93F-2FB5BBE11FDE}.Release|x86.ActiveCfg = Release|x86
		{B5C4846A-CEE6-486B-B93F-2FB5BBE11FDE}.Release|x86.Build.0 = Release|x86
		{B5C4846A-CEE6-486B-B93F-2FB5BBE11FDE}.Release|x86.Build.0 = Release|x86
		{E032CF52-88BC-4D76-8E93-3798F5EE5CD2}.Debug|Any CPU.ActiveCfg = Debug|x86
		{E032CF52-88BC-4D76-8E93-3798F5EE5CD2}.Debug|Any CPU.Build.0 = Debug|x86
		{E032CF52-88BC-4D76-8E93-3798F5EE5CD2}.Debug|Mixed Platforms.ActiveCfg = Debug|x86
		{E032CF52-88BC-4D76-8E93-3798F5EE5CD2}.Debug|Mixed Platforms.Build.0 = Debug|x86
		{E032CF52-88BC-4D76-8E93-3798F5EE5CD2}.Debug|x86.ActiveCfg = Debug|x86
		{E032CF52-88BC-4D76-8E93-3798F5EE5CD2}.Debug|x86.Build.0 = Debug|x86
		{E032CF52-88BC-4D76-8E93-3798F5EE5CD2}.Release|Any CPU.ActiveCfg = Debug|x86
		{E032CF52-88BC-4D76-8E93-3798F5EE5CD2}.Release|Any CPU.Build.0 = Debug|x86
		{E032CF52-88BC-4D76-8E93-3798F5EE5CD2}.Release|Mixed Platforms.ActiveCfg = Debug|x86
		{E032CF52-88BC-4D76-8E93-3798F5EE5CD2}.Release|Mixed Platforms.Build.0 = Debug|x86
		{E032CF52-88BC-4D76-8E93-3798F5EE5CD2}.Release|x86.ActiveCfg = Release|x86
		{E032CF52-88BC-4D76-8E93-3798F5EE5CD2}.Release|x86.Build.0 = Release|x86
	EndGlobalSection
	GlobalSection(MonoDevelopProperties) = preSolution
		StartupItem = CircleCircleTest\CircleCircleTest.csproj
	EndGlobalSection
	GlobalSection(SolutionProperties) = preSolution
		HideSolutionNode = FALSE
	EndGlobalSection
EndGlobal
